{
  "name": "ajs-homework3.2",
  "version": "1.0.0",
  "lockfileVersion": 1,
  "requires": true,
  "dependencies": {
    "@nikiforovamaria/ajs": {
      "version": "1.0.0",
      "resolved": "https://npm.pkg.github.com/download/@nikiforovamaria/ajs/1.0.0/c7205238c2f49364ea67dd199ddbb7920b781b8ed153dffed050e4fdbe125081",
      "integrity": "sha512-Q4Ugj46bslQ8fWLgfK1AuOovGtVKYJ1Aw73cD8Y+jBoPu7ybXP8jqVf2NA9Qm8pUC7bIKjfHzB7dgjn0Mxpllg=="
    }
  }
}
